
Microsoft Visual Studio Solution File, Format Version 12.00
# Visual Studio 15
Project("{FAE04EC0-301F-11D3-BF4B-00C04F79EFBC}") = "Assembly-CSharp", "Assembly-CSharp.csproj", "{0703E276-20D8-1555-2742-2B5C07061FA3}"
EndProject
Project("{FAE04EC0-301F-11D3-BF4B-00C04F79EFBC}") = "Assembly-CSharp-Editor", "Assembly-CSharp-Editor.csproj", "{27213CB3-C9F8-38A9-F53D-748B2F1262F7}"
EndProject
Global
	GlobalSection(SolutionConfigurationPlatforms) = preSolution
		Debug|Any CPU = Debug|Any CPU
		Release|Any CPU = Release|Any CPU
	EndGlobalSection
	GlobalSection(ProjectConfigurationPlatforms) = postSolution
		{0703E276-20D8-1555-2742-2B5C07061FA3}.Debug|Any CPU.ActiveCfg = Debug|Any CPU
		{0703E276-20D8-1555-2742-2B5C07061FA3}.Debug|Any CPU.Build.0 = Debug|Any CPU
		{0703E276-20D8-1555-2742-2B5C07061FA3}.Release|Any CPU.ActiveCfg = Release|Any CPU
		{0703E276-20D8-1555-2742-2B5C07061FA3}.Release|Any CPU.Build.0 = Release|Any CPU
		{27213CB3-C9F8-38A9-F53D-748B2F1262F7}.Debug|Any CPU.ActiveCfg = Debug|Any CPU
		{27213CB3-C9F8-38A9-F53D-748B2F1262F7}.Debug|Any CPU.Build.0 = Debug|Any CPU
		{27213CB3-C9F8-38A9-F53D-748B2F1262F7}.Release|Any CPU.ActiveCfg = Release|Any CPU
		{27213CB3-C9F8-38A9-F53D-748B2F1262F7}.Release|Any CPU.Build.0 = Release|Any CPU
	EndGlobalSection
	GlobalSection(SolutionProperties) = preSolution
		HideSolutionNode = FALSE
	EndGlobalSection
EndGlobal
